{
  "name": "discord-button-builder",
  "version": "2.5.1",
  "lockfileVersion": 2,
  "requires": true,
  "packages": {
    "": {
      "name": "discord-button-builder",
      "version": "2.5.1",
      "license": "MIT",
      "dependencies": {
        "discord-button-builder": "^2.5.1"
      }
    },
    "node_modules/discord-button-builder": {
      "version": "2.5.1",
      "resolved": "https://registry.npmjs.org/discord-button-builder/-/discord-button-builder-2.5.1.tgz",
      "integrity": "sha512-aDWfpfL9ekxfZD2pAAd2kO2/JJKCr9aI37LsOpTV/svXmQg9AjELwHW8yGDZqlSDPmB56GLDh6wWXkES0opFcw=="
    }
  },
  "dependencies": {
    "discord-button-builder": {
      "version": "2.5.1",
      "resolved": "https://registry.npmjs.org/discord-button-builder/-/discord-button-builder-2.5.1.tgz",
      "integrity": "sha512-aDWfpfL9ekxfZD2pAAd2kO2/JJKCr9aI37LsOpTV/svXmQg9AjELwHW8yGDZqlSDPmB56GLDh6wWXkES0opFcw=="
    }
  }
}
